
Microsoft Visual Studio Solution File, Format Version 12.00
# Visual Studio 15
VisualStudioVersion = 15.0.28307.960
MinimumVisualStudioVersion = 10.0.40219.1
Project("{FAE04EC0-301F-11D3-BF4B-00C04F79EFBC}") = "MentorMateLogo", "MentorMateLogo\MentorMateLogo.csproj", "{FFA499B1-921A-41FC-9914-9BF0DE93F469}"
EndProject
Global
	GlobalSection(SolutionConfigurationPlatforms) = preSolution
		Debug|Any CPU = Debug|Any CPU
		Release|Any CPU = Release|Any CPU
	EndGlobalSection
	GlobalSection(ProjectConfigurationPlatforms) = postSolution
		{FFA499B1-921A-41FC-9914-9BF0DE93F469}.Debug|Any CPU.ActiveCfg = Debug|Any CPU
		{FFA499B1-921A-41FC-9914-9BF0DE93F469}.Debug|Any CPU.Build.0 = Debug|Any CPU
		{FFA499B1-921A-41FC-9914-9BF0DE93F469}.Release|Any CPU.ActiveCfg = Release|Any CPU
		{FFA499B1-921A-41FC-9914-9BF0DE93F469}.Release|Any CPU.Build.0 = Release|Any CPU
	EndGlobalSection
	GlobalSection(SolutionProperties) = preSolution
		HideSolutionNode = FALSE
	EndGlobalSection
	GlobalSection(ExtensibilityGlobals) = postSolution
		SolutionGuid = {14861686-0612-4A7B-90AB-9A95964A6CDA}
	EndGlobalSection
EndGlobal
